# THIS IS AN AUTOGENERATED FILE. DO NOT EDIT THIS FILE DIRECTLY.
# yarn lockfile v1


"@scarf/scarf@=1.4.0":
  version "1.4.0"
  resolved "https://registry.yarnpkg.com/@scarf/scarf/-/scarf-1.4.0.tgz#3bbb984085dbd6d982494538b523be1ce6562972"
  integrity sha512-xxeapPiUXdZAE3che6f3xogoJPeZgig6omHEy1rIY5WVsB3H2BHNnZH+gHG6x91SCWyQCzWGsuL2Hh3ClO5/qQ==

swagger-ui-dist@>=5.0.0:
  version "5.20.3"
  resolved "https://registry.yarnpkg.com/swagger-ui-dist/-/swagger-ui-dist-5.20.3.tgz#af13c31cd2c3189191f0ec3de5d5a1ff55f24bab"
  integrity sha512-BVMj5gR1y3SN7kMRsgLnyN2zi21ITfIoJjKZOeCrcz6BRx5wNeHMr3efyRY1dGmPxPuaCDNj2PcwTzQaDfrbCQ==
  dependencies:
    "@scarf/scarf" "=1.4.0"

swagger-ui-express@^5.0.1:
  version "5.0.1"
  resolved "https://registry.yarnpkg.com/swagger-ui-express/-/swagger-ui-express-5.0.1.tgz#fb8c1b781d2793a6bd2f8a205a3f4bd6fa020dd8"
  integrity sha512-SrNU3RiBGTLLmFU8GIJdOdanJTl4TOmT27tt3bWWHppqYmAZ6IDuEuBvMU6nZq0zLEe6b/1rACXCgLZqO6ZfrA==
  dependencies:
    swagger-ui-dist ">=5.0.0"
